
Microsoft Visual Studio Solution File, Format Version 12.00
Project("{FAE04EC0-301F-11D3-BF4B-00C04F79EFBC}") = "Azenix.TestTask", "Azenix.TestTask\Azenix.TestTask.csproj", "{97FA595E-023A-484B-8F40-7C8520BDA6D6}"
EndProject
Project("{FAE04EC0-301F-11D3-BF4B-00C04F79EFBC}") = "Azenix.TestTask.Tests", "Azenix.TestTask.Tests\Azenix.TestTask.Tests.csproj", "{9929E873-443D-4E09-9CC3-EF5AC8D52075}"
EndProject
Global
	GlobalSection(SolutionConfigurationPlatforms) = preSolution
		Debug|Any CPU = Debug|Any CPU
		Release|Any CPU = Release|Any CPU
	EndGlobalSection
	GlobalSection(ProjectConfigurationPlatforms) = postSolution
		{97FA595E-023A-484B-8F40-7C8520BDA6D6}.Debug|Any CPU.ActiveCfg = Debug|Any CPU
		{97FA595E-023A-484B-8F40-7C8520BDA6D6}.Debug|Any CPU.Build.0 = Debug|Any CPU
		{97FA595E-023A-484B-8F40-7C8520BDA6D6}.Release|Any CPU.ActiveCfg = Release|Any CPU
		{97FA595E-023A-484B-8F40-7C8520BDA6D6}.Release|Any CPU.Build.0 = Release|Any CPU
		{9929E873-443D-4E09-9CC3-EF5AC8D52075}.Debug|Any CPU.ActiveCfg = Debug|Any CPU
		{9929E873-443D-4E09-9CC3-EF5AC8D52075}.Debug|Any CPU.Build.0 = Debug|Any CPU
		{9929E873-443D-4E09-9CC3-EF5AC8D52075}.Release|Any CPU.ActiveCfg = Release|Any CPU
		{9929E873-443D-4E09-9CC3-EF5AC8D52075}.Release|Any CPU.Build.0 = Release|Any CPU
	EndGlobalSection
EndGlobal
